
Microsoft Visual Studio Solution File, Format Version 12.00
# Visual Studio Version 17
VisualStudioVersion = 17.6.33723.286
MinimumVisualStudioVersion = 10.0.40219.1
Project("{FAE04EC0-301F-11D3-BF4B-00C04F79EFBC}") = "WebApp", "WebApp\WebApp.csproj", "{F867B52F-818A-406F-92F4-6801C8EC0324}"
EndProject
Global
	GlobalSection(SolutionConfigurationPlatforms) = preSolution
		Debug|Any CPU = Debug|Any CPU
		Release|Any CPU = Release|Any CPU
	EndGlobalSection
	GlobalSection(ProjectConfigurationPlatforms) = postSolution
		{F867B52F-818A-406F-92F4-6801C8EC0324}.Debug|Any CPU.ActiveCfg = Debug|Any CPU
		{F867B52F-818A-406F-92F4-6801C8EC0324}.Debug|Any CPU.Build.0 = Debug|Any CPU
		{F867B52F-818A-406F-92F4-6801C8EC0324}.Release|Any CPU.ActiveCfg = Release|Any CPU
		{F867B52F-818A-406F-92F4-6801C8EC0324}.Release|Any CPU.Build.0 = Release|Any CPU
	EndGlobalSection
	GlobalSection(SolutionProperties) = preSolution
		HideSolutionNode = FALSE
	EndGlobalSection
	GlobalSection(ExtensibilityGlobals) = postSolution
		SolutionGuid = {783474BB-6798-42A5-A994-9B4041CBD3D3}
	EndGlobalSection
EndGlobal
